<?xml version="1.0" encoding="utf-8"?>
<Project ToolsVersion="4.0" xmlns="http://schemas.microsoft.com/developer/msbuild/2003">
  <ItemGroup>
    <ClCompile Include="..\Classes\AppDelegate.cpp">
      <Filter>src</Filter>
    </ClCompile>
    <ClCompile Include="..\Classes\BoardLayer.cpp">
      <Filter>src</Filter>
    </ClCompile>
    <ClCompile Include="..\Classes\Cursor.cpp">
      <Filter>src</Filter>
    </ClCompile>
    <ClCompile Include="..\Classes\GameScene.cpp">
      <Filter>src</Filter>
    </ClCompile>
    <ClCompile Include="..\Classes\LabRoom.cpp">
      <Filter>src</Filter>
    </ClCompile>
    <ClCompile Include="main.cpp">
      <Filter>src</Filter>
    </ClCompile>
    <ClCompile Include="..\Classes\RitualHUD.cpp">
      <Filter>src</Filter>
    </ClCompile>
    <ClCompile Include="..\Classes\TwitchEvent.cpp">
      <Filter>src</Filter>
    </ClCompile>
    <ClCompile Include="..\Classes\TwitchModel.cpp">
      <Filter>src</Filter>
    </ClCompile>
    <ClCompile Include="..\Classes\TwitchPlayer.cpp">
      <Filter>src</Filter>
    </ClCompile>
    <ClCompile Include="..\Classes\WorldManager.cpp">
      <Filter>src</Filter>
    </ClCompile>
    <ClCompile Include="..\Classes\net\NetManager.cc">
      <Filter>net</Filter>
    </ClCompile>
    <ClCompile Include="..\Classes\bot\TwitchBot.cc">
      <Filter>bot</Filter>
    </ClCompile>
    <ClCompile Include="..\Classes\socket\socket.c">
      <Filter>socket</Filter>
    </ClCompile>
    <ClCompile Include="..\Classes\GameObject.cpp">
<<<<<<< HEAD
      <Filter>src</Filter>
    </ClCompile>
    <ClCompile Include="..\Classes\Tower.cpp">
      <Filter>src</Filter>
    </ClCompile>
    <ClCompile Include="..\Classes\Ritual.cpp">
=======
      <Filter>src</Filter>
    </ClCompile>
    <ClCompile Include="..\Classes\Creature.cpp">
>>>>>>> c0ab6f38bc33f0d75d03ea027f878a8c9be02aba
      <Filter>src</Filter>
    </ClCompile>
  </ItemGroup>
  <ItemGroup>
    <ClInclude Include="..\Classes\AppDelegate.h">
      <Filter>src</Filter>
    </ClInclude>
    <ClInclude Include="..\Classes\BoardLayer.h">
      <Filter>src</Filter>
    </ClInclude>
    <ClInclude Include="..\Classes\Cursor.h">
      <Filter>src</Filter>
    </ClInclude>
    <ClInclude Include="..\Classes\GameDefines.h">
      <Filter>src</Filter>
    </ClInclude>
    <ClInclude Include="..\Classes\GameScene.h">
      <Filter>src</Filter>
    </ClInclude>
    <ClInclude Include="..\Classes\LabRoom.h">
      <Filter>src</Filter>
    </ClInclude>
    <ClInclude Include="main.h">
      <Filter>src</Filter>
    </ClInclude>
    <ClInclude Include="..\Classes\Observer.h">
      <Filter>src</Filter>
    </ClInclude>
    <ClInclude Include="..\Classes\RitualHUD.h">
      <Filter>src</Filter>
    </ClInclude>
    <ClInclude Include="..\Classes\Subject.h">
      <Filter>src</Filter>
    </ClInclude>
    <ClInclude Include="..\Classes\TwitchEvent.h">
      <Filter>src</Filter>
    </ClInclude>
    <ClInclude Include="..\Classes\TwitchModel.h">
      <Filter>src</Filter>
    </ClInclude>
    <ClInclude Include="..\Classes\TwitchPlayer.h">
      <Filter>src</Filter>
    </ClInclude>
    <ClInclude Include="..\Classes\net\NetManager.h">
      <Filter>net</Filter>
    </ClInclude>
    <ClInclude Include="..\Classes\WorldManager.h">
      <Filter>src</Filter>
    </ClInclude>
    <ClInclude Include="..\Classes\bot\TwitchBot.h">
      <Filter>bot</Filter>
    </ClInclude>
    <ClInclude Include="..\Classes\socket\socket.h">
      <Filter>socket</Filter>
    </ClInclude>
    <ClInclude Include="..\Classes\GameObject.h">
<<<<<<< HEAD
      <Filter>src</Filter>
    </ClInclude>
    <ClInclude Include="..\Classes\Tower.h">
      <Filter>src</Filter>
    </ClInclude>
    <ClInclude Include="..\Classes\Ritual.h">
=======
      <Filter>src</Filter>
    </ClInclude>
    <ClInclude Include="..\Classes\Creature.h">
>>>>>>> c0ab6f38bc33f0d75d03ea027f878a8c9be02aba
      <Filter>src</Filter>
    </ClInclude>
  </ItemGroup>
  <ItemGroup>
    <Filter Include="src">
      <UniqueIdentifier>{f55feb26-2fe1-4047-88a3-b20d6d120511}</UniqueIdentifier>
    </Filter>
    <Filter Include="net">
      <UniqueIdentifier>{76250886-262a-4ea9-9b03-b7e177fba9cc}</UniqueIdentifier>
    </Filter>
    <Filter Include="bot">
      <UniqueIdentifier>{0a8160a8-bfee-4343-9711-cfe2e3fcc726}</UniqueIdentifier>
    </Filter>
    <Filter Include="socket">
      <UniqueIdentifier>{58bdeb0e-f730-42ef-82b2-8e8628c29112}</UniqueIdentifier>
    </Filter>
  </ItemGroup>
  <ItemGroup>
    <ResourceCompile Include="game.rc">
      <Filter>src</Filter>
    </ResourceCompile>
  </ItemGroup>
</Project>